{
  "name": "ng-deduplicate-interceptor",
  "version": "0.0.1",
  "lockfileVersion": 1,
  "requires": true,
  "dependencies": {
    "@types/object-hash": {
      "version": "1.2.0",
      "resolved": "https://registry.npmjs.org/@types/object-hash/-/object-hash-1.2.0.tgz",
      "integrity": "sha512-0JKYQRatHdzijO/ni7JV5eHUJWaMRpGvwiABk8U5iAk5Corm0yLNEfYGNkZWYc+wCyCKKpg0+TsZIvP8AymIYA==",
      "dev": true
    },
    "object-hash": {
      "version": "1.3.1",
      "resolved": "https://registry.npmjs.org/object-hash/-/object-hash-1.3.1.tgz",
      "integrity": "sha512-OSuu/pU4ENM9kmREg0BdNrUDIl1heYa4mBZacJc+vVWz4GtAwu7jO8s4AIt2aGRUTqxykpWzI3Oqnsm13tTMDA=="
    }
  }
}
